// !$*UTF8*$!
{
	archiveVersion = 1;
	classes = {
	};
	objectVersion = 46;
	objects = {

/* Begin PBXBuildFile section */
		65056A611DB85E3B000F2A3A /* AppDelegate.swift in Sources */ = {isa = PBXBuildFile; fileRef = 65056A601DB85E3B000F2A3A /* AppDelegate.swift */; };
		65056A631DB85E3B000F2A3A /* LoginViewController.swift in Sources */ = {isa = PBXBuildFile; fileRef = 65056A621DB85E3B000F2A3A /* LoginViewController.swift */; };
		65056A661DB85E3B000F2A3A /* Main.storyboard in Resources */ = {isa = PBXBuildFile; fileRef = 65056A641DB85E3B000F2A3A /* Main.storyboard */; };
		65056A681DB85E3B000F2A3A /* Assets.xcassets in Resources */ = {isa = PBXBuildFile; fileRef = 65056A671DB85E3B000F2A3A /* Assets.xcassets */; };
		65056A6B1DB85E3B000F2A3A /* LaunchScreen.storyboard in Resources */ = {isa = PBXBuildFile; fileRef = 65056A691DB85E3B000F2A3A /* LaunchScreen.storyboard */; };
		65056A731DB864E1000F2A3A /* GoogleService-Info.plist in Resources */ = {isa = PBXBuildFile; fileRef = 65056A721DB864E1000F2A3A /* GoogleService-Info.plist */; };
		65056A761DB8662C000F2A3A /* SignUpViewController.swift in Sources */ = {isa = PBXBuildFile; fileRef = 65056A751DB8662C000F2A3A /* SignUpViewController.swift */; };
		65056A791DB86B42000F2A3A /* User.swift in Sources */ = {isa = PBXBuildFile; fileRef = 65056A781DB86B42000F2A3A /* User.swift */; };
		65056A7C1DB86C23000F2A3A /* DataService.swift in Sources */ = {isa = PBXBuildFile; fileRef = 65056A7B1DB86C23000F2A3A /* DataService.swift */; };
		E455CCA27F0A8E0D8DE5DCA5 /* Pods_TInder.framework in Frameworks */ = {isa = PBXBuildFile; fileRef = 062D81E82078FEDEDC536B7B /* Pods_TInder.framework */; };
/* End PBXBuildFile section */

/* Begin PBXFileReference section */
		062D81E82078FEDEDC536B7B /* Pods_TInder.framework */ = {isa = PBXFileReference; explicitFileType = wrapper.framework; includeInIndex = 0; path = Pods_TInder.framework; sourceTree = BUILT_PRODUCTS_DIR; };
		21D663503CB6A528420E970D /* Pods-TInder.debug.xcconfig */ = {isa = PBXFileReference; includeInIndex = 1; lastKnownFileType = text.xcconfig; name = "Pods-TInder.debug.xcconfig"; path = "Pods/Target Support Files/Pods-TInder/Pods-TInder.debug.xcconfig"; sourceTree = "<group>"; };
		65056A5D1DB85E3B000F2A3A /* TInder.app */ = {isa = PBXFileReference; explicitFileType = wrapper.application; includeInIndex = 0; path = TInder.app; sourceTree = BUILT_PRODUCTS_DIR; };
		65056A601DB85E3B000F2A3A /* AppDelegate.swift */ = {isa = PBXFileReference; lastKnownFileType = sourcecode.swift; path = AppDelegate.swift; sourceTree = "<group>"; };
		65056A621DB85E3B000F2A3A /* LoginViewController.swift */ = {isa = PBXFileReference; lastKnownFileType = sourcecode.swift; path = LoginViewController.swift; sourceTree = "<group>"; };
		65056A651DB85E3B000F2A3A /* Base */ = {isa = PBXFileReference; lastKnownFileType = file.storyboard; name = Base; path = Base.lproj/Main.storyboard; sourceTree = "<group>"; };
		65056A671DB85E3B000F2A3A /* Assets.xcassets */ = {isa = PBXFileReference; lastKnownFileType = folder.assetcatalog; path = Assets.xcassets; sourceTree = "<group>"; };
		65056A6A1DB85E3B000F2A3A /* Base */ = {isa = PBXFileReference; lastKnownFileType = file.storyboard; name = Base; path = Base.lproj/LaunchScreen.storyboard; sourceTree = "<group>"; };
		65056A6C1DB85E3B000F2A3A /* Info.plist */ = {isa = PBXFileReference; lastKnownFileType = text.plist.xml; path = Info.plist; sourceTree = "<group>"; };
		65056A721DB864E1000F2A3A /* GoogleService-Info.plist */ = {isa = PBXFileReference; fileEncoding = 4; lastKnownFileType = text.plist.xml; path = "GoogleService-Info.plist"; sourceTree = "<group>"; };
		65056A751DB8662C000F2A3A /* SignUpViewController.swift */ = {isa = PBXFileReference; fileEncoding = 4; lastKnownFileType = sourcecode.swift; path = SignUpViewController.swift; sourceTree = "<group>"; };
		65056A781DB86B42000F2A3A /* User.swift */ = {isa = PBXFileReference; fileEncoding = 4; lastKnownFileType = sourcecode.swift; path = User.swift; sourceTree = "<group>"; };
		65056A7B1DB86C23000F2A3A /* DataService.swift */ = {isa = PBXFileReference; fileEncoding = 4; lastKnownFileType = sourcecode.swift; path = DataService.swift; sourceTree = "<group>"; };
		C970C2E4D13D30CCD0064B0C /* Pods-TInder.release.xcconfig */ = {isa = PBXFileReference; includeInIndex = 1; lastKnownFileType = text.xcconfig; name = "Pods-TInder.release.xcconfig"; path = "Pods/Target Support Files/Pods-TInder/Pods-TInder.release.xcconfig"; sourceTree = "<group>"; };
/* End PBXFileReference section */

/* Begin PBXFrameworksBuildPhase section */
		65056A5A1DB85E3B000F2A3A /* Frameworks */ = {
			isa = PBXFrameworksBuildPhase;
			buildActionMask = 2147483647;
			files = (
				E455CCA27F0A8E0D8DE5DCA5 /* Pods_TInder.framework in Frameworks */,
			);
			runOnlyForDeploymentPostprocessing = 0;
		};
/* End PBXFrameworksBuildPhase section */

/* Begin PBXGroup section */
		65056A541DB85E3B000F2A3A = {
			isa = PBXGroup;
			children = (
				65056A5F1DB85E3B000F2A3A /* TInder */,
				65056A5E1DB85E3B000F2A3A /* Products */,
				ECCA464278C056FDAAFCA9CE /* Pods */,
				BAF782051B6C681D516AC6F4 /* Frameworks */,
			);
			sourceTree = "<group>";
		};
		65056A5E1DB85E3B000F2A3A /* Products */ = {
			isa = PBXGroup;
			children = (
				65056A5D1DB85E3B000F2A3A /* TInder.app */,
			);
			name = Products;
			sourceTree = "<group>";
		};
		65056A5F1DB85E3B000F2A3A /* TInder */ = {
			isa = PBXGroup;
			children = (
				65056A601DB85E3B000F2A3A /* AppDelegate.swift */,
				65056A7A1DB86B4A000F2A3A /* Models */,
				65056A771DB86638000F2A3A /* Login & Sign Up */,
				65056A641DB85E3B000F2A3A /* Main.storyboard */,
				65056A671DB85E3B000F2A3A /* Assets.xcassets */,
				65056A691DB85E3B000F2A3A /* LaunchScreen.storyboard */,
				65056A741DB864F2000F2A3A /* Supporting Files */,
			);
			path = TInder;
			sourceTree = "<group>";
		};
		65056A741DB864F2000F2A3A /* Supporting Files */ = {
			isa = PBXGroup;
			children = (
				65056A7B1DB86C23000F2A3A /* DataService.swift */,
				65056A6C1DB85E3B000F2A3A /* Info.plist */,
				65056A721DB864E1000F2A3A /* GoogleService-Info.plist */,
			);
			name = "Supporting Files";
			sourceTree = "<group>";
		};
		65056A771DB86638000F2A3A /* Login & Sign Up */ = {
			isa = PBXGroup;
			children = (
				65056A621DB85E3B000F2A3A /* LoginViewController.swift */,
				65056A751DB8662C000F2A3A /* SignUpViewController.swift */,
			);
			name = "Login & Sign Up";
			sourceTree = "<group>";
		};
		65056A7A1DB86B4A000F2A3A /* Models */ = {
			isa = PBXGroup;
			children = (
				65056A781DB86B42000F2A3A /* User.swift */,
			);
			name = Models;
			sourceTree = "<group>";
		};
		BAF782051B6C681D516AC6F4 /* Frameworks */ = {
			isa = PBXGroup;
			children = (
				062D81E82078FEDEDC536B7B /* Pods_TInder.framework */,
			);
			name = Frameworks;
			sourceTree = "<group>";
		};
		ECCA464278C056FDAAFCA9CE /* Pods */ = {
			isa = PBXGroup;
			children = (
				21D663503CB6A528420E970D /* Pods-TInder.debug.xcconfig */,
				C970C2E4D13D30CCD0064B0C /* Pods-TInder.release.xcconfig */,
			);
			name = Pods;
			sourceTree = "<group>";
		};
/* End PBXGroup section */

/* Begin PBXNativeTarget section */
		65056A5C1DB85E3B000F2A3A /* TInder */ = {
			isa = PBXNativeTarget;
			buildConfigurationList = 65056A6F1DB85E3B000F2A3A /* Build configuration list for PBXNativeTarget "TInder" */;
			buildPhases = (
				03E884F92881BB8841E8888F /* [CP] Check Pods Manifest.lock */,
				65056A591DB85E3B000F2A3A /* Sources */,
				65056A5A1DB85E3B000F2A3A /* Frameworks */,
				65056A5B1DB85E3B000F2A3A /* Resources */,
				9C63C2C808DD6A61C2895261 /* [CP] Embed Pods Frameworks */,
				9724C0CE4EA44C5A18A27CF1 /* [CP] Copy Pods Resources */,
			);
			buildRules = (
			);
			dependencies = (
			);
			name = TInder;
			productName = TInder;
			productReference = 65056A5D1DB85E3B000F2A3A /* TInder.app */;
			productType = "com.apple.product-type.application";
		};
/* End PBXNativeTarget section */

/* Begin PBXProject section */
		65056A551DB85E3B000F2A3A /* Project object */ = {
			isa = PBXProject;
			attributes = {
				LastSwiftUpdateCheck = 0730;
				LastUpgradeCheck = 0730;
				ORGANIZATIONNAME = EndeJeje;
				TargetAttributes = {
					65056A5C1DB85E3B000F2A3A = {
						CreatedOnToolsVersion = 7.3.1;
					};
				};
			};
			buildConfigurationList = 65056A581DB85E3B000F2A3A /* Build configuration list for PBXProject "TInder" */;
			compatibilityVersion = "Xcode 3.2";
			developmentRegion = English;
			hasScannedForEncodings = 0;
			knownRegions = (
				en,
				Base,
			);
			mainGroup = 65056A541DB85E3B000F2A3A;
			productRefGroup = 65056A5E1DB85E3B000F2A3A /* Products */;
			projectDirPath = "";
			projectRoot = "";
			targets = (
				65056A5C1DB85E3B000F2A3A /* TInder */,
			);
		};
/* End PBXProject section */

/* Begin PBXResourcesBuildPhase section */
		65056A5B1DB85E3B000F2A3A /* Resources */ = {
			isa = PBXResourcesBuildPhase;
			buildActionMask = 2147483647;
			files = (
				65056A6B1DB85E3B000F2A3A /* LaunchScreen.storyboard in Resources */,
				65056A681DB85E3B000F2A3A /* Assets.xcassets in Resources */,
				65056A731DB864E1000F2A3A /* GoogleService-Info.plist in Resources */,
				65056A661DB85E3B000F2A3A /* Main.storyboard in Resources */,
			);
			runOnlyForDeploymentPostprocessing = 0;
		};
/* End PBXResourcesBuildPhase section */

/* Begin PBXShellScriptBuildPhase section */
		03E884F92881BB8841E8888F /* [CP] Check Pods Manifest.lock */ = {
			isa = PBXShellScriptBuildPhase;
			buildActionMask = 2147483647;
			files = (
			);
			inputPaths = (
			);
			name = "[CP] Check Pods Manifest.lock";
			outputPaths = (
			);
			runOnlyForDeploymentPostprocessing = 0;
			shellPath = /bin/sh;
			shellScript = "diff \"${PODS_ROOT}/../Podfile.lock\" \"${PODS_ROOT}/Manifest.lock\" > /dev/null\nif [[ $? != 0 ]] ; then\n    cat << EOM\nerror: The sandbox is not in sync with the Podfile.lock. Run 'pod install' or update your CocoaPods installation.\nEOM\n    exit 1\nfi\n";
			showEnvVarsInLog = 0;
		};
		9724C0CE4EA44C5A18A27CF1 /* [CP] Copy Pods Resources */ = {
			isa = PBXShellScriptBuildPhase;
			buildActionMask = 2147483647;
			files = (
			);
			inputPaths = (
			);
			name = "[CP] Copy Pods Resources";
			outputPaths = (
			);
			runOnlyForDeploymentPostprocessing = 0;
			shellPath = /bin/sh;
			shellScript = "\"${SRCROOT}/Pods/Target Support Files/Pods-TInder/Pods-TInder-resources.sh\"\n";
			showEnvVarsInLog = 0;
		};
		9C63C2C808DD6A61C2895261 /* [CP] Embed Pods Frameworks */ = {
			isa = PBXShellScriptBuildPhase;
			buildActionMask = 2147483647;
			files = (
			);
			inputPaths = (
			);
			name = "[CP] Embed Pods Frameworks";
			outputPaths = (
			);
			runOnlyForDeploymentPostprocessing = 0;
			shellPath = /bin/sh;
			shellScript = "\"${SRCROOT}/Pods/Target Support Files/Pods-TInder/Pods-TInder-frameworks.sh\"\n";
			showEnvVarsInLog = 0;
		};
/* End PBXShellScriptBuildPhase section */

/* Begin PBXSourcesBuildPhase section */
		65056A591DB85E3B000F2A3A /* Sources */ = {
			isa = PBXSourcesBuildPhase;
			buildActionMask = 2147483647;
			files = (
				65056A791DB86B42000F2A3A /* User.swift in Sources */,
				65056A761DB8662C000F2A3A /* SignUpViewController.swift in Sources */,
				65056A631DB85E3B000F2A3A /* LoginViewController.swift in Sources */,
				65056A611DB85E3B000F2A3A /* AppDelegate.swift in Sources */,
				65056A7C1DB86C23000F2A3A /* DataService.swift in Sources */,
			);
			runOnlyForDeploymentPostprocessing = 0;
		};
/* End PBXSourcesBuildPhase section */

/* Begin PBXVariantGroup section */
		65056A641DB85E3B000F2A3A /* Main.storyboard */ = {
			isa = PBXVariantGroup;
			children = (
				65056A651DB85E3B000F2A3A /* Base */,
			);
			name = Main.storyboard;
			sourceTree = "<group>";
		};
		65056A691DB85E3B000F2A3A /* LaunchScreen.storyboard */ = {
			isa = PBXVariantGroup;
			children = (
				65056A6A1DB85E3B000F2A3A /* Base */,
			);
			name = LaunchScreen.storyboard;
			sourceTree = "<group>";
		};
/* End PBXVariantGroup section */

/* Begin XCBuildConfiguration section */
		65056A6D1DB85E3B000F2A3A /* Debug */ = {
			isa = XCBuildConfiguration;
			buildSettings = {
				ALWAYS_SEARCH_USER_PATHS = NO;
				CLANG_ANALYZER_NONNULL = YES;
				CLANG_CXX_LANGUAGE_STANDARD = "gnu++0x";
				CLANG_CXX_LIBRARY = "libc++";
				CLANG_ENABLE_MODULES = YES;
				CLANG_ENABLE_OBJC_ARC = YES;
				CLANG_WARN_BOOL_CONVERSION = YES;
				CLANG_WARN_CONSTANT_CONVERSION = YES;
				CLANG_WARN_DIRECT_OBJC_ISA_USAGE = YES_ERROR;
				CLANG_WARN_EMPTY_BODY = YES;
				CLANG_WARN_ENUM_CONVERSION = YES;
				CLANG_WARN_INT_CONVERSION = YES;
				CLANG_WARN_OBJC_ROOT_CLASS = YES_ERROR;
				CLANG_WARN_UNREACHABLE_CODE = YES;
				CLANG_WARN__DUPLICATE_METHOD_MATCH = YES;
				"CODE_SIGN_IDENTITY[sdk=iphoneos*]" = "iPhone Developer";
				COPY_PHASE_STRIP = NO;
				DEBUG_INFORMATION_FORMAT = dwarf;
				ENABLE_STRICT_OBJC_MSGSEND = YES;
				ENABLE_TESTABILITY = YES;
				GCC_C_LANGUAGE_STANDARD = gnu99;
				GCC_DYNAMIC_NO_PIC = NO;
				GCC_NO_COMMON_BLOCKS = YES;
				GCC_OPTIMIZATION_LEVEL = 0;
				GCC_PREPROCESSOR_DEFINITIONS = (
					"DEBUG=1",
					"$(inherited)",
				);
				GCC_WARN_64_TO_32_BIT_CONVERSION = YES;
				GCC_WARN_ABOUT_RETURN_TYPE = YES_ERROR;
				GCC_WARN_UNDECLARED_SELECTOR = YES;
				GCC_WARN_UNINITIALIZED_AUTOS = YES_AGGRESSIVE;
				GCC_WARN_UNUSED_FUNCTION = YES;
				GCC_WARN_UNUSED_VARIABLE = YES;
				IPHONEOS_DEPLOYMENT_TARGET = 9.3;
				MTL_ENABLE_DEBUG_INFO = YES;
				ONLY_ACTIVE_ARCH = YES;
				SDKROOT = iphoneos;
				SWIFT_OPTIMIZATION_LEVEL = "-Onone";
				TARGETED_DEVICE_FAMILY = "1,2";
			};
			name = Debug;
		};
		65056A6E1DB85E3B000F2A3A /* Release */ = {
			isa = XCBuildConfiguration;
			buildSettings = {
				ALWAYS_SEARCH_USER_PATHS = NO;
				CLANG_ANALYZER_NONNULL = YES;
				CLANG_CXX_LANGUAGE_STANDARD = "gnu++0x";
				CLANG_CXX_LIBRARY = "libc++";
				CLANG_ENABLE_MODULES = YES;
				CLANG_ENABLE_OBJC_ARC = YES;
				CLANG_WARN_BOOL_CONVERSION = YES;
				CLANG_WARN_CONSTANT_CONVERSION = YES;
				CLANG_WARN_DIRECT_OBJC_ISA_USAGE = YES_ERROR;
				CLANG_WARN_EMPTY_BODY = YES;
				CLANG_WARN_ENUM_CONVERSION = YES;
				CLANG_WARN_INT_CONVERSION = YES;
				CLANG_WARN_OBJC_ROOT_CLASS = YES_ERROR;
				CLANG_WARN_UNREACHABLE_CODE = YES;
				CLANG_WARN__DUPLICATE_METHOD_MATCH = YES;
				"CODE_SIGN_IDENTITY[sdk=iphoneos*]" = "iPhone Developer";
				COPY_PHASE_STRIP = NO;
				DEBUG_INFORMATION_FORMAT = "dwarf-with-dsym";
				ENABLE_NS_ASSERTIONS = NO;
				ENABLE_STRICT_OBJC_MSGSEND = YES;
				GCC_C_LANGUAGE_STANDARD = gnu99;
				GCC_NO_COMMON_BLOCKS = YES;
				GCC_WARN_64_TO_32_BIT_CONVERSION = YES;
				GCC_WARN_ABOUT_RETURN_TYPE = YES_ERROR;
				GCC_WARN_UNDECLARED_SELECTOR = YES;
				GCC_WARN_UNINITIALIZED_AUTOS = YES_AGGRESSIVE;
				GCC_WARN_UNUSED_FUNCTION = YES;
				GCC_WARN_UNUSED_VARIABLE = YES;
				IPHONEOS_DEPLOYMENT_TARGET = 9.3;
				MTL_ENABLE_DEBUG_INFO = NO;
				SDKROOT = iphoneos;
				TARGETED_DEVICE_FAMILY = "1,2";
				VALIDATE_PRODUCT = YES;
			};
			name = Release;
		};
		65056A701DB85E3B000F2A3A /* Debug */ = {
			isa = XCBuildConfiguration;
			baseConfigurationReference = 21D663503CB6A528420E970D /* Pods-TInder.debug.xcconfig */;
			buildSettings = {
				ASSETCATALOG_COMPILER_APPICON_NAME = AppIcon;
				INFOPLIST_FILE = TInder/Info.plist;
				LD_RUNPATH_SEARCH_PATHS = "$(inherited) @executable_path/Frameworks";
				PRODUCT_BUNDLE_IDENTIFIER = com.endejeje.TInder;
				PRODUCT_NAME = "$(TARGET_NAME)";
			};
			name = Debug;
		};
		65056A711DB85E3B000F2A3A /* Release */ = {
			isa = XCBuildConfiguration;
			baseConfigurationReference = C970C2E4D13D30CCD0064B0C /* Pods-TInder.release.xcconfig */;
			buildSettings = {
				ASSETCATALOG_COMPILER_APPICON_NAME = AppIcon;
				INFOPLIST_FILE = TInder/Info.plist;
				LD_RUNPATH_SEARCH_PATHS = "$(inherited) @executable_path/Frameworks";
				PRODUCT_BUNDLE_IDENTIFIER = com.endejeje.TInder;
				PRODUCT_NAME = "$(TARGET_NAME)";
			};
			name = Release;
		};
/* End XCBuildConfiguration section */

/* Begin XCConfigurationList section */
		65056A581DB85E3B000F2A3A /* Build configuration list for PBXProject "TInder" */ = {
			isa = XCConfigurationList;
			buildConfigurations = (
				65056A6D1DB85E3B000F2A3A /* Debug */,
				65056A6E1DB85E3B000F2A3A /* Release */,
			);
			defaultConfigurationIsVisible = 0;
			defaultConfigurationName = Release;
		};
		65056A6F1DB85E3B000F2A3A /* Build configuration list for PBXNativeTarget "TInder" */ = {
			isa = XCConfigurationList;
			buildConfigurations = (
				65056A701DB85E3B000F2A3A /* Debug */,
				65056A711DB85E3B000F2A3A /* Release */,
			);
			defaultConfigurationIsVisible = 0;
			defaultConfigurationName = Release;
		};
/* End XCConfigurationList section */
	};
	rootObject = 65056A551DB85E3B000F2A3A /* Project object */;
}
